
Microsoft Visual Studio Solution File, Format Version 12.00
# Visual Studio 15
VisualStudioVersion = 15.0.28307.136
MinimumVisualStudioVersion = 10.0.40219.1
Project("{FAE04EC0-301F-11D3-BF4B-00C04F79EFBC}") = "AlmoxarifadoSenac", "AlmoxarifadoSenac\AlmoxarifadoSenac.csproj", "{9595329F-9A53-4EC5-9B32-2A0BEBFE4568}"
EndProject
Project("{FAE04EC0-301F-11D3-BF4B-00C04F79EFBC}") = "AlmoxarifadoSenacLib", "AlmoxarifadoSenacLib\AlmoxarifadoSenacLib.csproj", "{F91E1639-B1DC-463E-B862-9E1E30FEBF7B}"
EndProject
Project("{FAE04EC0-301F-11D3-BF4B-00C04F79EFBC}") = "AlmoxarifadoAPI", "AlmoxarifadoAPI\AlmoxarifadoAPI.csproj", "{D8D358CE-1E3F-4A56-AC4C-BBC4D7889A05}"
EndProject
Project("{262852C6-CD72-467D-83FE-5EEB1973A190}") = "MobileAlmoxarifadoSenac", "MobileAlmoxarifadoSenac\MobileAlmoxarifadoSenac.jsproj", "{DE95A6C4-A288-44A5-A9F8-2DAF1963F41E}"
EndProject
Global
	GlobalSection(SolutionConfigurationPlatforms) = preSolution
		Debug|Android = Debug|Android
		Debug|Any CPU = Debug|Any CPU
		Debug|iOS = Debug|iOS
		Debug|Windows-ARM = Debug|Windows-ARM
		Debug|Windows-x64 = Debug|Windows-x64
		Debug|Windows-x86 = Debug|Windows-x86
		Release|Android = Release|Android
		Release|Any CPU = Release|Any CPU
		Release|iOS = Release|iOS
		Release|Windows-ARM = Release|Windows-ARM
		Release|Windows-x64 = Release|Windows-x64
		Release|Windows-x86 = Release|Windows-x86
	EndGlobalSection
	GlobalSection(ProjectConfigurationPlatforms) = postSolution
		{9595329F-9A53-4EC5-9B32-2A0BEBFE4568}.Debug|Android.ActiveCfg = Debug|Any CPU
		{9595329F-9A53-4EC5-9B32-2A0BEBFE4568}.Debug|Android.Build.0 = Debug|Any CPU
		{9595329F-9A53-4EC5-9B32-2A0BEBFE4568}.Debug|Any CPU.ActiveCfg = Debug|Any CPU
		{9595329F-9A53-4EC5-9B32-2A0BEBFE4568}.Debug|Any CPU.Build.0 = Debug|Any CPU
		{9595329F-9A53-4EC5-9B32-2A0BEBFE4568}.Debug|iOS.ActiveCfg = Debug|Any CPU
		{9595329F-9A53-4EC5-9B32-2A0BEBFE4568}.Debug|iOS.Build.0 = Debug|Any CPU
		{9595329F-9A53-4EC5-9B32-2A0BEBFE4568}.Debug|Windows-ARM.ActiveCfg = Debug|Any CPU
		{9595329F-9A53-4EC5-9B32-2A0BEBFE4568}.Debug|Windows-ARM.Build.0 = Debug|Any CPU
		{9595329F-9A53-4EC5-9B32-2A0BEBFE4568}.Debug|Windows-x64.ActiveCfg = Debug|Any CPU
		{9595329F-9A53-4EC5-9B32-2A0BEBFE4568}.Debug|Windows-x64.Build.0 = Debug|Any CPU
		{9595329F-9A53-4EC5-9B32-2A0BEBFE4568}.Debug|Windows-x86.ActiveCfg = Debug|Any CPU
		{9595329F-9A53-4EC5-9B32-2A0BEBFE4568}.Debug|Windows-x86.Build.0 = Debug|Any CPU
		{9595329F-9A53-4EC5-9B32-2A0BEBFE4568}.Release|Android.ActiveCfg = Release|Any CPU
		{9595329F-9A53-4EC5-9B32-2A0BEBFE4568}.Release|Android.Build.0 = Release|Any CPU
		{9595329F-9A53-4EC5-9B32-2A0BEBFE4568}.Release|Any CPU.ActiveCfg = Release|Any CPU
		{9595329F-9A53-4EC5-9B32-2A0BEBFE4568}.Release|Any CPU.Build.0 = Release|Any CPU
		{9595329F-9A53-4EC5-9B32-2A0BEBFE4568}.Release|iOS.ActiveCfg = Release|Any CPU
		{9595329F-9A53-4EC5-9B32-2A0BEBFE4568}.Release|iOS.Build.0 = Release|Any CPU
		{9595329F-9A53-4EC5-9B32-2A0BEBFE4568}.Release|Windows-ARM.ActiveCfg = Release|Any CPU
		{9595329F-9A53-4EC5-9B32-2A0BEBFE4568}.Release|Windows-ARM.Build.0 = Release|Any CPU
		{9595329F-9A53-4EC5-9B32-2A0BEBFE4568}.Release|Windows-x64.ActiveCfg = Release|Any CPU
		{9595329F-9A53-4EC5-9B32-2A0BEBFE4568}.Release|Windows-x64.Build.0 = Release|Any CPU
		{9595329F-9A53-4EC5-9B32-2A0BEBFE4568}.Release|Windows-x86.ActiveCfg = Release|Any CPU
		{9595329F-9A53-4EC5-9B32-2A0BEBFE4568}.Release|Windows-x86.Build.0 = Release|Any CPU
		{F91E1639-B1DC-463E-B862-9E1E30FEBF7B}.Debug|Android.ActiveCfg = Debug|Any CPU
		{F91E1639-B1DC-463E-B862-9E1E30FEBF7B}.Debug|Android.Build.0 = Debug|Any CPU
		{F91E1639-B1DC-463E-B862-9E1E30FEBF7B}.Debug|Any CPU.ActiveCfg = Debug|Any CPU
		{F91E1639-B1DC-463E-B862-9E1E30FEBF7B}.Debug|Any CPU.Build.0 = Debug|Any CPU
		{F91E1639-B1DC-463E-B862-9E1E30FEBF7B}.Debug|iOS.ActiveCfg = Debug|Any CPU
		{F91E1639-B1DC-463E-B862-9E1E30FEBF7B}.Debug|iOS.Build.0 = Debug|Any CPU
		{F91E1639-B1DC-463E-B862-9E1E30FEBF7B}.Debug|Windows-ARM.ActiveCfg = Debug|Any CPU
		{F91E1639-B1DC-463E-B862-9E1E30FEBF7B}.Debug|Windows-ARM.Build.0 = Debug|Any CPU
		{F91E1639-B1DC-463E-B862-9E1E30FEBF7B}.Debug|Windows-x64.ActiveCfg = Debug|Any CPU
		{F91E1639-B1DC-463E-B862-9E1E30FEBF7B}.Debug|Windows-x64.Build.0 = Debug|Any CPU
		{F91E1639-B1DC-463E-B862-9E1E30FEBF7B}.Debug|Windows-x86.ActiveCfg = Debug|Any CPU
		{F91E1639-B1DC-463E-B862-9E1E30FEBF7B}.Debug|Windows-x86.Build.0 = Debug|Any CPU
		{F91E1639-B1DC-463E-B862-9E1E30FEBF7B}.Release|Android.ActiveCfg = Release|Any CPU
		{F91E1639-B1DC-463E-B862-9E1E30FEBF7B}.Release|Android.Build.0 = Release|Any CPU
		{F91E1639-B1DC-463E-B862-9E1E30FEBF7B}.Release|Any CPU.ActiveCfg = Release|Any CPU
		{F91E1639-B1DC-463E-B862-9E1E30FEBF7B}.Release|Any CPU.Build.0 = Release|Any CPU
		{F91E1639-B1DC-463E-B862-9E1E30FEBF7B}.Release|iOS.ActiveCfg = Release|Any CPU
		{F91E1639-B1DC-463E-B862-9E1E30FEBF7B}.Release|iOS.Build.0 = Release|Any CPU
		{F91E1639-B1DC-463E-B862-9E1E30FEBF7B}.Release|Windows-ARM.ActiveCfg = Release|Any CPU
		{F91E1639-B1DC-463E-B862-9E1E30FEBF7B}.Release|Windows-ARM.Build.0 = Release|Any CPU
		{F91E1639-B1DC-463E-B862-9E1E30FEBF7B}.Release|Windows-x64.ActiveCfg = Release|Any CPU
		{F91E1639-B1DC-463E-B862-9E1E30FEBF7B}.Release|Windows-x64.Build.0 = Release|Any CPU
		{F91E1639-B1DC-463E-B862-9E1E30FEBF7B}.Release|Windows-x86.ActiveCfg = Release|Any CPU
		{F91E1639-B1DC-463E-B862-9E1E30FEBF7B}.Release|Windows-x86.Build.0 = Release|Any CPU
		{D8D358CE-1E3F-4A56-AC4C-BBC4D7889A05}.Debug|Android.ActiveCfg = Debug|Any CPU
		{D8D358CE-1E3F-4A56-AC4C-BBC4D7889A05}.Debug|Android.Build.0 = Debug|Any CPU
		{D8D358CE-1E3F-4A56-AC4C-BBC4D7889A05}.Debug|Any CPU.ActiveCfg = Debug|Any CPU
		{D8D358CE-1E3F-4A56-AC4C-BBC4D7889A05}.Debug|Any CPU.Build.0 = Debug|Any CPU
		{D8D358CE-1E3F-4A56-AC4C-BBC4D7889A05}.Debug|iOS.ActiveCfg = Debug|Any CPU
		{D8D358CE-1E3F-4A56-AC4C-BBC4D7889A05}.Debug|iOS.Build.0 = Debug|Any CPU
		{D8D358CE-1E3F-4A56-AC4C-BBC4D7889A05}.Debug|Windows-ARM.ActiveCfg = Debug|Any CPU
		{D8D358CE-1E3F-4A56-AC4C-BBC4D7889A05}.Debug|Windows-ARM.Build.0 = Debug|Any CPU
		{D8D358CE-1E3F-4A56-AC4C-BBC4D7889A05}.Debug|Windows-x64.ActiveCfg = Debug|Any CPU
		{D8D358CE-1E3F-4A56-AC4C-BBC4D7889A05}.Debug|Windows-x64.Build.0 = Debug|Any CPU
		{D8D358CE-1E3F-4A56-AC4C-BBC4D7889A05}.Debug|Windows-x86.ActiveCfg = Debug|Any CPU
		{D8D358CE-1E3F-4A56-AC4C-BBC4D7889A05}.Debug|Windows-x86.Build.0 = Debug|Any CPU
		{D8D358CE-1E3F-4A56-AC4C-BBC4D7889A05}.Release|Android.ActiveCfg = Release|Any CPU
		{D8D358CE-1E3F-4A56-AC4C-BBC4D7889A05}.Release|Android.Build.0 = Release|Any CPU
		{D8D358CE-1E3F-4A56-AC4C-BBC4D7889A05}.Release|Any CPU.ActiveCfg = Release|Any CPU
		{D8D358CE-1E3F-4A56-AC4C-BBC4D7889A05}.Release|Any CPU.Build.0 = Release|Any CPU
		{D8D358CE-1E3F-4A56-AC4C-BBC4D7889A05}.Release|iOS.ActiveCfg = Release|Any CPU
		{D8D358CE-1E3F-4A56-AC4C-BBC4D7889A05}.Release|iOS.Build.0 = Release|Any CPU
		{D8D358CE-1E3F-4A56-AC4C-BBC4D7889A05}.Release|Windows-ARM.ActiveCfg = Release|Any CPU
		{D8D358CE-1E3F-4A56-AC4C-BBC4D7889A05}.Release|Windows-ARM.Build.0 = Release|Any CPU
		{D8D358CE-1E3F-4A56-AC4C-BBC4D7889A05}.Release|Windows-x64.ActiveCfg = Release|Any CPU
		{D8D358CE-1E3F-4A56-AC4C-BBC4D7889A05}.Release|Windows-x64.Build.0 = Release|Any CPU
		{D8D358CE-1E3F-4A56-AC4C-BBC4D7889A05}.Release|Windows-x86.ActiveCfg = Release|Any CPU
		{D8D358CE-1E3F-4A56-AC4C-BBC4D7889A05}.Release|Windows-x86.Build.0 = Release|Any CPU
		{DE95A6C4-A288-44A5-A9F8-2DAF1963F41E}.Debug|Android.ActiveCfg = Debug|Android
		{DE95A6C4-A288-44A5-A9F8-2DAF1963F41E}.Debug|Android.Build.0 = Debug|Android
		{DE95A6C4-A288-44A5-A9F8-2DAF1963F41E}.Debug|Android.Deploy.0 = Debug|Android
		{DE95A6C4-A288-44A5-A9F8-2DAF1963F41E}.Debug|Any CPU.ActiveCfg = Debug|Android
		{DE95A6C4-A288-44A5-A9F8-2DAF1963F41E}.Debug|iOS.ActiveCfg = Debug|iOS
		{DE95A6C4-A288-44A5-A9F8-2DAF1963F41E}.Debug|iOS.Build.0 = Debug|iOS
		{DE95A6C4-A288-44A5-A9F8-2DAF1963F41E}.Debug|iOS.Deploy.0 = Debug|iOS
		{DE95A6C4-A288-44A5-A9F8-2DAF1963F41E}.Debug|Windows-ARM.ActiveCfg = Debug|Windows-ARM
		{DE95A6C4-A288-44A5-A9F8-2DAF1963F41E}.Debug|Windows-ARM.Build.0 = Debug|Windows-ARM
		{DE95A6C4-A288-44A5-A9F8-2DAF1963F41E}.Debug|Windows-ARM.Deploy.0 = Debug|Windows-ARM
		{DE95A6C4-A288-44A5-A9F8-2DAF1963F41E}.Debug|Windows-x64.ActiveCfg = Debug|Windows-x64
		{DE95A6C4-A288-44A5-A9F8-2DAF1963F41E}.Debug|Windows-x64.Build.0 = Debug|Windows-x64
		{DE95A6C4-A288-44A5-A9F8-2DAF1963F41E}.Debug|Windows-x64.Deploy.0 = Debug|Windows-x64
		{DE95A6C4-A288-44A5-A9F8-2DAF1963F41E}.Debug|Windows-x86.ActiveCfg = Debug|Windows-x86
		{DE95A6C4-A288-44A5-A9F8-2DAF1963F41E}.Debug|Windows-x86.Build.0 = Debug|Windows-x86
		{DE95A6C4-A288-44A5-A9F8-2DAF1963F41E}.Debug|Windows-x86.Deploy.0 = Debug|Windows-x86
		{DE95A6C4-A288-44A5-A9F8-2DAF1963F41E}.Release|Android.ActiveCfg = Release|Android
		{DE95A6C4-A288-44A5-A9F8-2DAF1963F41E}.Release|Android.Build.0 = Release|Android
		{DE95A6C4-A288-44A5-A9F8-2DAF1963F41E}.Release|Android.Deploy.0 = Release|Android
		{DE95A6C4-A288-44A5-A9F8-2DAF1963F41E}.Release|Any CPU.ActiveCfg = Release|Android
		{DE95A6C4-A288-44A5-A9F8-2DAF1963F41E}.Release|iOS.ActiveCfg = Release|iOS
		{DE95A6C4-A288-44A5-A9F8-2DAF1963F41E}.Release|iOS.Build.0 = Release|iOS
		{DE95A6C4-A288-44A5-A9F8-2DAF1963F41E}.Release|iOS.Deploy.0 = Release|iOS
		{DE95A6C4-A288-44A5-A9F8-2DAF1963F41E}.Release|Windows-ARM.ActiveCfg = Release|Windows-ARM
		{DE95A6C4-A288-44A5-A9F8-2DAF1963F41E}.Release|Windows-ARM.Build.0 = Release|Windows-ARM
		{DE95A6C4-A288-44A5-A9F8-2DAF1963F41E}.Release|Windows-ARM.Deploy.0 = Release|Windows-ARM
		{DE95A6C4-A288-44A5-A9F8-2DAF1963F41E}.Release|Windows-x64.ActiveCfg = Release|Windows-x64
		{DE95A6C4-A288-44A5-A9F8-2DAF1963F41E}.Release|Windows-x64.Build.0 = Release|Windows-x64
		{DE95A6C4-A288-44A5-A9F8-2DAF1963F41E}.Release|Windows-x64.Deploy.0 = Release|Windows-x64
		{DE95A6C4-A288-44A5-A9F8-2DAF1963F41E}.Release|Windows-x86.ActiveCfg = Release|Windows-x86
		{DE95A6C4-A288-44A5-A9F8-2DAF1963F41E}.Release|Windows-x86.Build.0 = Release|Windows-x86
		{DE95A6C4-A288-44A5-A9F8-2DAF1963F41E}.Release|Windows-x86.Deploy.0 = Release|Windows-x86
	EndGlobalSection
	GlobalSection(SolutionProperties) = preSolution
		HideSolutionNode = FALSE
	EndGlobalSection
	GlobalSection(ExtensibilityGlobals) = postSolution
		SolutionGuid = {A6CCAD2C-67EE-41FC-858B-B2BDC2645D7D}
	EndGlobalSection
EndGlobal
